# This file was autogenerated by Stack.
# You should not edit this file by hand.
# For more information, please see the documentation at:
#   https://docs.haskellstack.org/en/stable/lock_files

packages:
- completed:
    commit: c2cd39168e267007b4690dbf625329bac57a8185
    git: http://github.com/DaisukeBekki/JSeM.git
    name: jsem
    pantry-tree:
      sha256: c077c4221363f40ad472210b825128262eadba1f72d48c0f3ff304c463e24520
      size: 6040
    version: '1.1'
  original:
    commit: c2cd39168e267007b4690dbf625329bac57a8185
    git: http://github.com/DaisukeBekki/JSeM.git
- completed:
    commit: 936928cdee27e179a5e3775d146046b107b0eba1
    git: git@github.com:DaisukeBekki/hasktorch-tools.git
    name: hasktorch-tools
    pantry-tree:
      sha256: 1fd35d65a133b370b8f9c59e76c662bc2be7948e9cf9be78bf90a726a43fbe34
      size: 1879
    version: 0.2.0.0
  original:
    commit: 936928cdee27e179a5e3775d146046b107b0eba1
    git: git@github.com:DaisukeBekki/hasktorch-tools.git
- completed:
    commit: e4bd3783f4e872b8df29538d9219e41f40378363
    git: http://github.com/DaisukeBekki/nlp-tools
    name: nlp-tools
    pantry-tree:
      sha256: c06faa981b034f9cf3e97742d8ea9a2256c797beb65766aec3198e970144e04f
      size: 1864
    version: 0.2.0
  original:
    commit: e4bd3783f4e872b8df29538d9219e41f40378363
    git: http://github.com/DaisukeBekki/nlp-tools
- completed:
    commit: 1fbc5e13f29c9b4b823c42cae15e853dc0b79b3b
    git: git@github.com:hinarid/waniTest.git
    name: waniTEST
    pantry-tree:
      sha256: 0be2f87953bb40051013ad580b8ae1563758f54a6a1fa836a699dba269b01cba
      size: 753
    version: 1.0.0.1
  original:
    commit: 1fbc5e13f29c9b4b823c42cae15e853dc0b79b3b
    git: git@github.com:hinarid/waniTest.git
snapshots:
- completed:
    sha256: 428ec8d5ce932190d3cbe266b9eb3c175cd81e984babf876b64019e2cbe4ea68
    size: 590100
    url: https://raw.githubusercontent.com/commercialhaskell/stackage-snapshots/master/lts/18/28.yaml
  original: lts-18.28
